
Microsoft Visual Studio Solution File, Format Version 12.00
# Visual Studio Version 16
VisualStudioVersion = 16.0.30413.136
MinimumVisualStudioVersion = 10.0.40219.1
Project("{FAE04EC0-301F-11D3-BF4B-00C04F79EFBC}") = "WebLeanMaint", "WebLeanMaint\WebLeanMaint.csproj", "{135EE7E6-8DB6-419D-B0BF-622AE422DEC4}"
EndProject
Global
	GlobalSection(SolutionConfigurationPlatforms) = preSolution
		Debug|Any CPU = Debug|Any CPU
		Release|Any CPU = Release|Any CPU
	EndGlobalSection
	GlobalSection(ProjectConfigurationPlatforms) = postSolution
		{135EE7E6-8DB6-419D-B0BF-622AE422DEC4}.Debug|Any CPU.ActiveCfg = Debug|Any CPU
		{135EE7E6-8DB6-419D-B0BF-622AE422DEC4}.Debug|Any CPU.Build.0 = Debug|Any CPU
		{135EE7E6-8DB6-419D-B0BF-622AE422DEC4}.Release|Any CPU.ActiveCfg = Release|Any CPU
		{135EE7E6-8DB6-419D-B0BF-622AE422DEC4}.Release|Any CPU.Build.0 = Release|Any CPU
	EndGlobalSection
	GlobalSection(SolutionProperties) = preSolution
		HideSolutionNode = FALSE
	EndGlobalSection
	GlobalSection(ExtensibilityGlobals) = postSolution
		SolutionGuid = {B99FCF04-1516-4E1A-8BCB-F44F1A0C3F78}
	EndGlobalSection
EndGlobal
